// !$*UTF8*$!
{
	archiveVersion = 1;
	classes = {
	};
	objectVersion = 46;
	objects = {

/* Begin PBXBuildFile section */
		97DEBD2F1B3793070085D6DD /* main.m in Sources */ = {isa = PBXBuildFile; fileRef = 97DEBD2E1B3793070085D6DD /* main.m */; };
		97DEBD371B3793420085D6DD /* Car.m in Sources */ = {isa = PBXBuildFile; fileRef = 97DEBD361B3793420085D6DD /* Car.m */; };
		97DEBD3A1B3793770085D6DD /* Toyota.m in Sources */ = {isa = PBXBuildFile; fileRef = 97DEBD391B3793770085D6DD /* Toyota.m */; };
/* End PBXBuildFile section */

/* Begin PBXCopyFilesBuildPhase section */
		97DEBD291B3793070085D6DD /* CopyFiles */ = {
			isa = PBXCopyFilesBuildPhase;
			buildActionMask = 2147483647;
			dstPath = /usr/share/man/man1/;
			dstSubfolderSpec = 0;
			files = (
			);
			runOnlyForDeploymentPostprocessing = 1;
		};
/* End PBXCopyFilesBuildPhase section */

/* Begin PBXFileReference section */
		97DEBD2B1B3793070085D6DD /* toyotas */ = {isa = PBXFileReference; explicitFileType = "compiled.mach-o.executable"; includeInIndex = 0; path = toyotas; sourceTree = BUILT_PRODUCTS_DIR; };
		97DEBD2E1B3793070085D6DD /* main.m */ = {isa = PBXFileReference; lastKnownFileType = sourcecode.c.objc; path = main.m; sourceTree = "<group>"; };
		97DEBD351B3793420085D6DD /* Car.h */ = {isa = PBXFileReference; fileEncoding = 4; lastKnownFileType = sourcecode.c.h; path = Car.h; sourceTree = "<group>"; };
		97DEBD361B3793420085D6DD /* Car.m */ = {isa = PBXFileReference; fileEncoding = 4; lastKnownFileType = sourcecode.c.objc; path = Car.m; sourceTree = "<group>"; };
		97DEBD381B3793770085D6DD /* Toyota.h */ = {isa = PBXFileReference; fileEncoding = 4; lastKnownFileType = sourcecode.c.h; path = Toyota.h; sourceTree = "<group>"; };
		97DEBD391B3793770085D6DD /* Toyota.m */ = {isa = PBXFileReference; fileEncoding = 4; lastKnownFileType = sourcecode.c.objc; path = Toyota.m; sourceTree = "<group>"; };
/* End PBXFileReference section */

/* Begin PBXFrameworksBuildPhase section */
		97DEBD281B3793070085D6DD /* Frameworks */ = {
			isa = PBXFrameworksBuildPhase;
			buildActionMask = 2147483647;
			files = (
			);
			runOnlyForDeploymentPostprocessing = 0;
		};
/* End PBXFrameworksBuildPhase section */

/* Begin PBXGroup section */
		97DEBD221B3793070085D6DD = {
			isa = PBXGroup;
			children = (
				97DEBD2D1B3793070085D6DD /* toyotas */,
				97DEBD2C1B3793070085D6DD /* Products */,
			);
			sourceTree = "<group>";
		};
		97DEBD2C1B3793070085D6DD /* Products */ = {
			isa = PBXGroup;
			children = (
				97DEBD2B1B3793070085D6DD /* toyotas */,
			);
			name = Products;
			sourceTree = "<group>";
		};
		97DEBD2D1B3793070085D6DD /* toyotas */ = {
			isa = PBXGroup;
			children = (
				97DEBD2E1B3793070085D6DD /* main.m */,
				97DEBD351B3793420085D6DD /* Car.h */,
				97DEBD361B3793420085D6DD /* Car.m */,
				97DEBD381B3793770085D6DD /* Toyota.h */,
				97DEBD391B3793770085D6DD /* Toyota.m */,
			);
			path = toyotas;
			sourceTree = "<group>";
		};
/* End PBXGroup section */

/* Begin PBXNativeTarget section */
		97DEBD2A1B3793070085D6DD /* toyotas */ = {
			isa = PBXNativeTarget;
			buildConfigurationList = 97DEBD321B3793070085D6DD /* Build configuration list for PBXNativeTarget "toyotas" */;
			buildPhases = (
				97DEBD271B3793070085D6DD /* Sources */,
				97DEBD281B3793070085D6DD /* Frameworks */,
				97DEBD291B3793070085D6DD /* CopyFiles */,
			);
			buildRules = (
			);
			dependencies = (
			);
			name = toyotas;
			productName = toyotas;
			productReference = 97DEBD2B1B3793070085D6DD /* toyotas */;
			productType = "com.apple.product-type.tool";
		};
/* End PBXNativeTarget section */

/* Begin PBXProject section */
		97DEBD231B3793070085D6DD /* Project object */ = {
			isa = PBXProject;
			attributes = {
				LastUpgradeCheck = 0630;
				ORGANIZATIONNAME = "Cody Zazulak";
				TargetAttributes = {
					97DEBD2A1B3793070085D6DD = {
						CreatedOnToolsVersion = 6.3.2;
					};
				};
			};
			buildConfigurationList = 97DEBD261B3793070085D6DD /* Build configuration list for PBXProject "toyotas" */;
			compatibilityVersion = "Xcode 3.2";
			developmentRegion = English;
			hasScannedForEncodings = 0;
			knownRegions = (
				en,
			);
			mainGroup = 97DEBD221B3793070085D6DD;
			productRefGroup = 97DEBD2C1B3793070085D6DD /* Products */;
			projectDirPath = "";
			projectRoot = "";
			targets = (
				97DEBD2A1B3793070085D6DD /* toyotas */,
			);
		};
/* End PBXProject section */

/* Begin PBXSourcesBuildPhase section */
		97DEBD271B3793070085D6DD /* Sources */ = {
			isa = PBXSourcesBuildPhase;
			buildActionMask = 2147483647;
			files = (
				97DEBD3A1B3793770085D6DD /* Toyota.m in Sources */,
				97DEBD371B3793420085D6DD /* Car.m in Sources */,
				97DEBD2F1B3793070085D6DD /* main.m in Sources */,
			);
			runOnlyForDeploymentPostprocessing = 0;
		};
/* End PBXSourcesBuildPhase section */

/* Begin XCBuildConfiguration section */
		97DEBD301B3793070085D6DD /* Debug */ = {
			isa = XCBuildConfiguration;
			buildSettings = {
				ALWAYS_SEARCH_USER_PATHS = NO;
				CLANG_CXX_LANGUAGE_STANDARD = "gnu++0x";
				CLANG_CXX_LIBRARY = "libc++";
				CLANG_ENABLE_MODULES = YES;
				CLANG_ENABLE_OBJC_ARC = YES;
				CLANG_WARN_BOOL_CONVERSION = YES;
				CLANG_WARN_CONSTANT_CONVERSION = YES;
				CLANG_WARN_DIRECT_OBJC_ISA_USAGE = YES_ERROR;
				CLANG_WARN_EMPTY_BODY = YES;
				CLANG_WARN_ENUM_CONVERSION = YES;
				CLANG_WARN_INT_CONVERSION = YES;
				CLANG_WARN_OBJC_ROOT_CLASS = YES_ERROR;
				CLANG_WARN_UNREACHABLE_CODE = YES;
				CLANG_WARN__DUPLICATE_METHOD_MATCH = YES;
				COPY_PHASE_STRIP = NO;
				DEBUG_INFORMATION_FORMAT = dwarf;
				ENABLE_STRICT_OBJC_MSGSEND = YES;
				GCC_C_LANGUAGE_STANDARD = gnu99;
				GCC_DYNAMIC_NO_PIC = NO;
				GCC_NO_COMMON_BLOCKS = YES;
				GCC_OPTIMIZATION_LEVEL = 0;
				GCC_PREPROCESSOR_DEFINITIONS = (
					"DEBUG=1",
					"$(inherited)",
				);
				GCC_SYMBOLS_PRIVATE_EXTERN = NO;
				GCC_WARN_64_TO_32_BIT_CONVERSION = YES;
				GCC_WARN_ABOUT_RETURN_TYPE = YES_ERROR;
				GCC_WARN_UNDECLARED_SELECTOR = YES;
				GCC_WARN_UNINITIALIZED_AUTOS = YES_AGGRESSIVE;
				GCC_WARN_UNUSED_FUNCTION = YES;
				GCC_WARN_UNUSED_VARIABLE = YES;
				MACOSX_DEPLOYMENT_TARGET = 10.10;
				MTL_ENABLE_DEBUG_INFO = YES;
				ONLY_ACTIVE_ARCH = YES;
				SDKROOT = macosx;
			};
			name = Debug;
		};
		97DEBD311B3793070085D6DD /* Release */ = {
			isa = XCBuildConfiguration;
			buildSettings = {
				ALWAYS_SEARCH_USER_PATHS = NO;
				CLANG_CXX_LANGUAGE_STANDARD = "gnu++0x";
				CLANG_CXX_LIBRARY = "libc++";
				CLANG_ENABLE_MODULES = YES;
				CLANG_ENABLE_OBJC_ARC = YES;
				CLANG_WARN_BOOL_CONVERSION = YES;
				CLANG_WARN_CONSTANT_CONVERSION = YES;
				CLANG_WARN_DIRECT_OBJC_ISA_USAGE = YES_ERROR;
				CLANG_WARN_EMPTY_BODY = YES;
				CLANG_WARN_ENUM_CONVERSION = YES;
				CLANG_WARN_INT_CONVERSION = YES;
				CLANG_WARN_OBJC_ROOT_CLASS = YES_ERROR;
				CLANG_WARN_UNREACHABLE_CODE = YES;
				CLANG_WARN__DUPLICATE_METHOD_MATCH = YES;
				COPY_PHASE_STRIP = NO;
				DEBUG_INFORMATION_FORMAT = "dwarf-with-dsym";
				ENABLE_NS_ASSERTIONS = NO;
				ENABLE_STRICT_OBJC_MSGSEND = YES;
				GCC_C_LANGUAGE_STANDARD = gnu99;
				GCC_NO_COMMON_BLOCKS = YES;
				GCC_WARN_64_TO_32_BIT_CONVERSION = YES;
				GCC_WARN_ABOUT_RETURN_TYPE = YES_ERROR;
				GCC_WARN_UNDECLARED_SELECTOR = YES;
				GCC_WARN_UNINITIALIZED_AUTOS = YES_AGGRESSIVE;
				GCC_WARN_UNUSED_FUNCTION = YES;
				GCC_WARN_UNUSED_VARIABLE = YES;
				MACOSX_DEPLOYMENT_TARGET = 10.10;
				MTL_ENABLE_DEBUG_INFO = NO;
				SDKROOT = macosx;
			};
			name = Release;
		};
		97DEBD331B3793070085D6DD /* Debug */ = {
			isa = XCBuildConfiguration;
			buildSettings = {
				PRODUCT_NAME = "$(TARGET_NAME)";
			};
			name = Debug;
		};
		97DEBD341B3793070085D6DD /* Release */ = {
			isa = XCBuildConfiguration;
			buildSettings = {
				PRODUCT_NAME = "$(TARGET_NAME)";
			};
			name = Release;
		};
/* End XCBuildConfiguration section */

/* Begin XCConfigurationList section */
		97DEBD261B3793070085D6DD /* Build configuration list for PBXProject "toyotas" */ = {
			isa = XCConfigurationList;
			buildConfigurations = (
				97DEBD301B3793070085D6DD /* Debug */,
				97DEBD311B3793070085D6DD /* Release */,
			);
			defaultConfigurationIsVisible = 0;
			defaultConfigurationName = Release;
		};
		97DEBD321B3793070085D6DD /* Build configuration list for PBXNativeTarget "toyotas" */ = {
			isa = XCConfigurationList;
			buildConfigurations = (
				97DEBD331B3793070085D6DD /* Debug */,
				97DEBD341B3793070085D6DD /* Release */,
			);
			defaultConfigurationIsVisible = 0;
		};
/* End XCConfigurationList section */
	};
	rootObject = 97DEBD231B3793070085D6DD /* Project object */;
}
